// !$*UTF8*$!
{
	archiveVersion = 1;
	classes = {
	};
	objectVersion = 55;
	objects = {

/* Begin PBXBuildFile section */
		84E5E73D2886A1FC00CFCEFF /* AppDelegate.swift in Sources */ = {isa = PBXBuildFile; fileRef = 84E5E73C2886A1FC00CFCEFF /* AppDelegate.swift */; };
		84E5E73F2886A1FC00CFCEFF /* SceneDelegate.swift in Sources */ = {isa = PBXBuildFile; fileRef = 84E5E73E2886A1FC00CFCEFF /* SceneDelegate.swift */; };
		84E5E7442886A1FC00CFCEFF /* Main.storyboard in Resources */ = {isa = PBXBuildFile; fileRef = 84E5E7422886A1FC00CFCEFF /* Main.storyboard */; };
		84E5E7462886A20000CFCEFF /* Assets.xcassets in Resources */ = {isa = PBXBuildFile; fileRef = 84E5E7452886A20000CFCEFF /* Assets.xcassets */; };
		84E5E7492886A20000CFCEFF /* LaunchScreen.storyboard in Resources */ = {isa = PBXBuildFile; fileRef = 84E5E7472886A20000CFCEFF /* LaunchScreen.storyboard */; };
		84E5E7532887F61E00CFCEFF /* ApplicViewController.swift in Sources */ = {isa = PBXBuildFile; fileRef = 84E5E7522887F61E00CFCEFF /* ApplicViewController.swift */; };
		84E5E7552887FA0500CFCEFF /* ApplicViewCell.swift in Sources */ = {isa = PBXBuildFile; fileRef = 84E5E7542887FA0500CFCEFF /* ApplicViewCell.swift */; };
		84E5E7572888201C00CFCEFF /* DetailViewController.swift in Sources */ = {isa = PBXBuildFile; fileRef = 84E5E7562888201C00CFCEFF /* DetailViewController.swift */; };
		84E5E7592888243300CFCEFF /* Restaurant.swift in Sources */ = {isa = PBXBuildFile; fileRef = 84E5E7582888243300CFCEFF /* Restaurant.swift */; };
		84E5E75B2889495300CFCEFF /* EateryTableViewCell.swift in Sources */ = {isa = PBXBuildFile; fileRef = 84E5E75A2889495300CFCEFF /* EateryTableViewCell.swift */; };
		84E5E75E2889707B00CFCEFF /* RateViewController.swift in Sources */ = {isa = PBXBuildFile; fileRef = 84E5E75D2889707B00CFCEFF /* RateViewController.swift */; };
/* End PBXBuildFile section */

/* Begin PBXFileReference section */
		84E5E7392886A1FC00CFCEFF /* TableBased.app */ = {isa = PBXFileReference; explicitFileType = wrapper.application; includeInIndex = 0; path = TableBased.app; sourceTree = BUILT_PRODUCTS_DIR; };
		84E5E73C2886A1FC00CFCEFF /* AppDelegate.swift */ = {isa = PBXFileReference; lastKnownFileType = sourcecode.swift; path = AppDelegate.swift; sourceTree = "<group>"; };
		84E5E73E2886A1FC00CFCEFF /* SceneDelegate.swift */ = {isa = PBXFileReference; lastKnownFileType = sourcecode.swift; path = SceneDelegate.swift; sourceTree = "<group>"; };
		84E5E7432886A1FC00CFCEFF /* Base */ = {isa = PBXFileReference; lastKnownFileType = file.storyboard; name = Base; path = Base.lproj/Main.storyboard; sourceTree = "<group>"; };
		84E5E7452886A20000CFCEFF /* Assets.xcassets */ = {isa = PBXFileReference; lastKnownFileType = folder.assetcatalog; path = Assets.xcassets; sourceTree = "<group>"; };
		84E5E7482886A20000CFCEFF /* Base */ = {isa = PBXFileReference; lastKnownFileType = file.storyboard; name = Base; path = Base.lproj/LaunchScreen.storyboard; sourceTree = "<group>"; };
		84E5E74A2886A20000CFCEFF /* Info.plist */ = {isa = PBXFileReference; lastKnownFileType = text.plist.xml; path = Info.plist; sourceTree = "<group>"; };
		84E5E7522887F61E00CFCEFF /* ApplicViewController.swift */ = {isa = PBXFileReference; lastKnownFileType = sourcecode.swift; path = ApplicViewController.swift; sourceTree = "<group>"; };
		84E5E7542887FA0500CFCEFF /* ApplicViewCell.swift */ = {isa = PBXFileReference; lastKnownFileType = sourcecode.swift; path = ApplicViewCell.swift; sourceTree = "<group>"; };
		84E5E7562888201C00CFCEFF /* DetailViewController.swift */ = {isa = PBXFileReference; lastKnownFileType = sourcecode.swift; path = DetailViewController.swift; sourceTree = "<group>"; };
		84E5E7582888243300CFCEFF /* Restaurant.swift */ = {isa = PBXFileReference; lastKnownFileType = sourcecode.swift; path = Restaurant.swift; sourceTree = "<group>"; };
		84E5E75A2889495300CFCEFF /* EateryTableViewCell.swift */ = {isa = PBXFileReference; lastKnownFileType = sourcecode.swift; path = EateryTableViewCell.swift; sourceTree = "<group>"; };
		84E5E75D2889707B00CFCEFF /* RateViewController.swift */ = {isa = PBXFileReference; lastKnownFileType = sourcecode.swift; path = RateViewController.swift; sourceTree = "<group>"; };
/* End PBXFileReference section */

/* Begin PBXFrameworksBuildPhase section */
		84E5E7362886A1FC00CFCEFF /* Frameworks */ = {
			isa = PBXFrameworksBuildPhase;
			buildActionMask = 2147483647;
			files = (
			);
			runOnlyForDeploymentPostprocessing = 0;
		};
/* End PBXFrameworksBuildPhase section */

/* Begin PBXGroup section */
		84E5E7302886A1FC00CFCEFF = {
			isa = PBXGroup;
			children = (
				84E5E73B2886A1FC00CFCEFF /* TableBased */,
				84E5E73A2886A1FC00CFCEFF /* Products */,
			);
			sourceTree = "<group>";
		};
		84E5E73A2886A1FC00CFCEFF /* Products */ = {
			isa = PBXGroup;
			children = (
				84E5E7392886A1FC00CFCEFF /* TableBased.app */,
			);
			name = Products;
			sourceTree = "<group>";
		};
		84E5E73B2886A1FC00CFCEFF /* TableBased */ = {
			isa = PBXGroup;
			children = (
				84E5E75C2889495A00CFCEFF /* Detail */,
				84E5E7582888243300CFCEFF /* Restaurant.swift */,
				84E5E73C2886A1FC00CFCEFF /* AppDelegate.swift */,
				84E5E73E2886A1FC00CFCEFF /* SceneDelegate.swift */,
				84E5E7422886A1FC00CFCEFF /* Main.storyboard */,
				84E5E75D2889707B00CFCEFF /* RateViewController.swift */,
				84E5E7542887FA0500CFCEFF /* ApplicViewCell.swift */,
				84E5E7452886A20000CFCEFF /* Assets.xcassets */,
				84E5E7472886A20000CFCEFF /* LaunchScreen.storyboard */,
				84E5E74A2886A20000CFCEFF /* Info.plist */,
				84E5E7522887F61E00CFCEFF /* ApplicViewController.swift */,
			);
			path = TableBased;
			sourceTree = "<group>";
		};
		84E5E75C2889495A00CFCEFF /* Detail */ = {
			isa = PBXGroup;
			children = (
				84E5E75A2889495300CFCEFF /* EateryTableViewCell.swift */,
				84E5E7562888201C00CFCEFF /* DetailViewController.swift */,
			);
			path = Detail;
			sourceTree = "<group>";
		};
/* End PBXGroup section */

/* Begin PBXNativeTarget section */
		84E5E7382886A1FC00CFCEFF /* TableBased */ = {
			isa = PBXNativeTarget;
			buildConfigurationList = 84E5E74D2886A20000CFCEFF /* Build configuration list for PBXNativeTarget "TableBased" */;
			buildPhases = (
				84E5E7352886A1FC00CFCEFF /* Sources */,
				84E5E7362886A1FC00CFCEFF /* Frameworks */,
				84E5E7372886A1FC00CFCEFF /* Resources */,
			);
			buildRules = (
			);
			dependencies = (
			);
			name = TableBased;
			productName = TableBased;
			productReference = 84E5E7392886A1FC00CFCEFF /* TableBased.app */;
			productType = "com.apple.product-type.application";
		};
/* End PBXNativeTarget section */

/* Begin PBXProject section */
		84E5E7312886A1FC00CFCEFF /* Project object */ = {
			isa = PBXProject;
			attributes = {
				BuildIndependentTargetsInParallel = 1;
				LastSwiftUpdateCheck = 1320;
				LastUpgradeCheck = 1320;
				TargetAttributes = {
					84E5E7382886A1FC00CFCEFF = {
						CreatedOnToolsVersion = 13.2.1;
					};
				};
			};
			buildConfigurationList = 84E5E7342886A1FC00CFCEFF /* Build configuration list for PBXProject "TableBased" */;
			compatibilityVersion = "Xcode 13.0";
			developmentRegion = en;
			hasScannedForEncodings = 0;
			knownRegions = (
				en,
				Base,
			);
			mainGroup = 84E5E7302886A1FC00CFCEFF;
			productRefGroup = 84E5E73A2886A1FC00CFCEFF /* Products */;
			projectDirPath = "";
			projectRoot = "";
			targets = (
				84E5E7382886A1FC00CFCEFF /* TableBased */,
			);
		};
/* End PBXProject section */

/* Begin PBXResourcesBuildPhase section */
		84E5E7372886A1FC00CFCEFF /* Resources */ = {
			isa = PBXResourcesBuildPhase;
			buildActionMask = 2147483647;
			files = (
				84E5E7492886A20000CFCEFF /* LaunchScreen.storyboard in Resources */,
				84E5E7462886A20000CFCEFF /* Assets.xcassets in Resources */,
				84E5E7442886A1FC00CFCEFF /* Main.storyboard in Resources */,
			);
			runOnlyForDeploymentPostprocessing = 0;
		};
/* End PBXResourcesBuildPhase section */

/* Begin PBXSourcesBuildPhase section */
		84E5E7352886A1FC00CFCEFF /* Sources */ = {
			isa = PBXSourcesBuildPhase;
			buildActionMask = 2147483647;
			files = (
				84E5E73D2886A1FC00CFCEFF /* AppDelegate.swift in Sources */,
				84E5E7532887F61E00CFCEFF /* ApplicViewController.swift in Sources */,
				84E5E7592888243300CFCEFF /* Restaurant.swift in Sources */,
				84E5E7572888201C00CFCEFF /* DetailViewController.swift in Sources */,
				84E5E75B2889495300CFCEFF /* EateryTableViewCell.swift in Sources */,
				84E5E73F2886A1FC00CFCEFF /* SceneDelegate.swift in Sources */,
				84E5E75E2889707B00CFCEFF /* RateViewController.swift in Sources */,
				84E5E7552887FA0500CFCEFF /* ApplicViewCell.swift in Sources */,
			);
			runOnlyForDeploymentPostprocessing = 0;
		};
/* End PBXSourcesBuildPhase section */

/* Begin PBXVariantGroup section */
		84E5E7422886A1FC00CFCEFF /* Main.storyboard */ = {
			isa = PBXVariantGroup;
			children = (
				84E5E7432886A1FC00CFCEFF /* Base */,
			);
			name = Main.storyboard;
			sourceTree = "<group>";
		};
		84E5E7472886A20000CFCEFF /* LaunchScreen.storyboard */ = {
			isa = PBXVariantGroup;
			children = (
				84E5E7482886A20000CFCEFF /* Base */,
			);
			name = LaunchScreen.storyboard;
			sourceTree = "<group>";
		};
/* End PBXVariantGroup section */

/* Begin XCBuildConfiguration section */
		84E5E74B2886A20000CFCEFF /* Debug */ = {
			isa = XCBuildConfiguration;
			buildSettings = {
				ALWAYS_SEARCH_USER_PATHS = NO;
				CLANG_ANALYZER_NONNULL = YES;
				CLANG_ANALYZER_NUMBER_OBJECT_CONVERSION = YES_AGGRESSIVE;
				CLANG_CXX_LANGUAGE_STANDARD = "gnu++17";
				CLANG_CXX_LIBRARY = "libc++";
				CLANG_ENABLE_MODULES = YES;
				CLANG_ENABLE_OBJC_ARC = YES;
				CLANG_ENABLE_OBJC_WEAK = YES;
				CLANG_WARN_BLOCK_CAPTURE_AUTORELEASING = YES;
				CLANG_WARN_BOOL_CONVERSION = YES;
				CLANG_WARN_COMMA = YES;
				CLANG_WARN_CONSTANT_CONVERSION = YES;
				CLANG_WARN_DEPRECATED_OBJC_IMPLEMENTATIONS = YES;
				CLANG_WARN_DIRECT_OBJC_ISA_USAGE = YES_ERROR;
				CLANG_WARN_DOCUMENTATION_COMMENTS = YES;
				CLANG_WARN_EMPTY_BODY = YES;
				CLANG_WARN_ENUM_CONVERSION = YES;
				CLANG_WARN_INFINITE_RECURSION = YES;
				CLANG_WARN_INT_CONVERSION = YES;
				CLANG_WARN_NON_LITERAL_NULL_CONVERSION = YES;
				CLANG_WARN_OBJC_IMPLICIT_RETAIN_SELF = YES;
				CLANG_WARN_OBJC_LITERAL_CONVERSION = YES;
				CLANG_WARN_OBJC_ROOT_CLASS = YES_ERROR;
				CLANG_WARN_QUOTED_INCLUDE_IN_FRAMEWORK_HEADER = YES;
				CLANG_WARN_RANGE_LOOP_ANALYSIS = YES;
				CLANG_WARN_STRICT_PROTOTYPES = YES;
				CLANG_WARN_SUSPICIOUS_MOVE = YES;
				CLANG_WARN_UNGUARDED_AVAILABILITY = YES_AGGRESSIVE;
				CLANG_WARN_UNREACHABLE_CODE = YES;
				CLANG_WARN__DUPLICATE_METHOD_MATCH = YES;
				COPY_PHASE_STRIP = NO;
				DEBUG_INFORMATION_FORMAT = dwarf;
				ENABLE_STRICT_OBJC_MSGSEND = YES;
				ENABLE_TESTABILITY = YES;
				GCC_C_LANGUAGE_STANDARD = gnu11;
				GCC_DYNAMIC_NO_PIC = NO;
				GCC_NO_COMMON_BLOCKS = YES;
				GCC_OPTIMIZATION_LEVEL = 0;
				GCC_PREPROCESSOR_DEFINITIONS = (
					"DEBUG=1",
					"$(inherited)",
				);
				GCC_WARN_64_TO_32_BIT_CONVERSION = YES;
				GCC_WARN_ABOUT_RETURN_TYPE = YES_ERROR;
				GCC_WARN_UNDECLARED_SELECTOR = YES;
				GCC_WARN_UNINITIALIZED_AUTOS = YES_AGGRESSIVE;
				GCC_WARN_UNUSED_FUNCTION = YES;
				GCC_WARN_UNUSED_VARIABLE = YES;
				IPHONEOS_DEPLOYMENT_TARGET = 15.2;
				MTL_ENABLE_DEBUG_INFO = INCLUDE_SOURCE;
				MTL_FAST_MATH = YES;
				ONLY_ACTIVE_ARCH = YES;
				SDKROOT = iphoneos;
				SWIFT_ACTIVE_COMPILATION_CONDITIONS = DEBUG;
				SWIFT_OPTIMIZATION_LEVEL = "-Onone";
			};
			name = Debug;
		};
		84E5E74C2886A20000CFCEFF /* Release */ = {
			isa = XCBuildConfiguration;
			buildSettings = {
				ALWAYS_SEARCH_USER_PATHS = NO;
				CLANG_ANALYZER_NONNULL = YES;
				CLANG_ANALYZER_NUMBER_OBJECT_CONVERSION = YES_AGGRESSIVE;
				CLANG_CXX_LANGUAGE_STANDARD = "gnu++17";
				CLANG_CXX_LIBRARY = "libc++";
				CLANG_ENABLE_MODULES = YES;
				CLANG_ENABLE_OBJC_ARC = YES;
				CLANG_ENABLE_OBJC_WEAK = YES;
				CLANG_WARN_BLOCK_CAPTURE_AUTORELEASING = YES;
				CLANG_WARN_BOOL_CONVERSION = YES;
				CLANG_WARN_COMMA = YES;
				CLANG_WARN_CONSTANT_CONVERSION = YES;
				CLANG_WARN_DEPRECATED_OBJC_IMPLEMENTATIONS = YES;
				CLANG_WARN_DIRECT_OBJC_ISA_USAGE = YES_ERROR;
				CLANG_WARN_DOCUMENTATION_COMMENTS = YES;
				CLANG_WARN_EMPTY_BODY = YES;
				CLANG_WARN_ENUM_CONVERSION = YES;
				CLANG_WARN_INFINITE_RECURSION = YES;
				CLANG_WARN_INT_CONVERSION = YES;
				CLANG_WARN_NON_LITERAL_NULL_CONVERSION = YES;
				CLANG_WARN_OBJC_IMPLICIT_RETAIN_SELF = YES;
				CLANG_WARN_OBJC_LITERAL_CONVERSION = YES;
				CLANG_WARN_OBJC_ROOT_CLASS = YES_ERROR;
				CLANG_WARN_QUOTED_INCLUDE_IN_FRAMEWORK_HEADER = YES;
				CLANG_WARN_RANGE_LOOP_ANALYSIS = YES;
				CLANG_WARN_STRICT_PROTOTYPES = YES;
				CLANG_WARN_SUSPICIOUS_MOVE = YES;
				CLANG_WARN_UNGUARDED_AVAILABILITY = YES_AGGRESSIVE;
				CLANG_WARN_UNREACHABLE_CODE = YES;
				CLANG_WARN__DUPLICATE_METHOD_MATCH = YES;
				COPY_PHASE_STRIP = NO;
				DEBUG_INFORMATION_FORMAT = "dwarf-with-dsym";
				ENABLE_NS_ASSERTIONS = NO;
				ENABLE_STRICT_OBJC_MSGSEND = YES;
				GCC_C_LANGUAGE_STANDARD = gnu11;
				GCC_NO_COMMON_BLOCKS = YES;
				GCC_WARN_64_TO_32_BIT_CONVERSION = YES;
				GCC_WARN_ABOUT_RETURN_TYPE = YES_ERROR;
				GCC_WARN_UNDECLARED_SELECTOR = YES;
				GCC_WARN_UNINITIALIZED_AUTOS = YES_AGGRESSIVE;
				GCC_WARN_UNUSED_FUNCTION = YES;
				GCC_WARN_UNUSED_VARIABLE = YES;
				IPHONEOS_DEPLOYMENT_TARGET = 15.2;
				MTL_ENABLE_DEBUG_INFO = NO;
				MTL_FAST_MATH = YES;
				SDKROOT = iphoneos;
				SWIFT_COMPILATION_MODE = wholemodule;
				SWIFT_OPTIMIZATION_LEVEL = "-O";
				VALIDATE_PRODUCT = YES;
			};
			name = Release;
		};
		84E5E74E2886A20000CFCEFF /* Debug */ = {
			isa = XCBuildConfiguration;
			buildSettings = {
				ASSETCATALOG_COMPILER_APPICON_NAME = AppIcon;
				ASSETCATALOG_COMPILER_GLOBAL_ACCENT_COLOR_NAME = AccentColor;
				CODE_SIGN_STYLE = Automatic;
				CURRENT_PROJECT_VERSION = 1;
				DEVELOPMENT_TEAM = 7Y83B6MGY6;
				GENERATE_INFOPLIST_FILE = YES;
				INFOPLIST_FILE = TableBased/Info.plist;
				INFOPLIST_KEY_UIApplicationSupportsIndirectInputEvents = YES;
				INFOPLIST_KEY_UILaunchStoryboardName = LaunchScreen;
				INFOPLIST_KEY_UIMainStoryboardFile = Main;
				INFOPLIST_KEY_UISupportedInterfaceOrientations_iPad = "UIInterfaceOrientationPortrait UIInterfaceOrientationPortraitUpsideDown UIInterfaceOrientationLandscapeLeft UIInterfaceOrientationLandscapeRight";
				INFOPLIST_KEY_UISupportedInterfaceOrientations_iPhone = "UIInterfaceOrientationPortrait UIInterfaceOrientationLandscapeLeft UIInterfaceOrientationLandscapeRight";
				LD_RUNPATH_SEARCH_PATHS = (
					"$(inherited)",
					"@executable_path/Frameworks",
				);
				MARKETING_VERSION = 1.0;
				PRODUCT_BUNDLE_IDENTIFIER = com.maksewsha.TableBased;
				PRODUCT_NAME = "$(TARGET_NAME)";
				SWIFT_EMIT_LOC_STRINGS = YES;
				SWIFT_VERSION = 5.0;
				TARGETED_DEVICE_FAMILY = "1,2";
			};
			name = Debug;
		};
		84E5E74F2886A20000CFCEFF /* Release */ = {
			isa = XCBuildConfiguration;
			buildSettings = {
				ASSETCATALOG_COMPILER_APPICON_NAME = AppIcon;
				ASSETCATALOG_COMPILER_GLOBAL_ACCENT_COLOR_NAME = AccentColor;
				CODE_SIGN_STYLE = Automatic;
				CURRENT_PROJECT_VERSION = 1;
				DEVELOPMENT_TEAM = 7Y83B6MGY6;
				GENERATE_INFOPLIST_FILE = YES;
				INFOPLIST_FILE = TableBased/Info.plist;
				INFOPLIST_KEY_UIApplicationSupportsIndirectInputEvents = YES;
				INFOPLIST_KEY_UILaunchStoryboardName = LaunchScreen;
				INFOPLIST_KEY_UIMainStoryboardFile = Main;
				INFOPLIST_KEY_UISupportedInterfaceOrientations_iPad = "UIInterfaceOrientationPortrait UIInterfaceOrientationPortraitUpsideDown UIInterfaceOrientationLandscapeLeft UIInterfaceOrientationLandscapeRight";
				INFOPLIST_KEY_UISupportedInterfaceOrientations_iPhone = "UIInterfaceOrientationPortrait UIInterfaceOrientationLandscapeLeft UIInterfaceOrientationLandscapeRight";
				LD_RUNPATH_SEARCH_PATHS = (
					"$(inherited)",
					"@executable_path/Frameworks",
				);
				MARKETING_VERSION = 1.0;
				PRODUCT_BUNDLE_IDENTIFIER = com.maksewsha.TableBased;
				PRODUCT_NAME = "$(TARGET_NAME)";
				SWIFT_EMIT_LOC_STRINGS = YES;
				SWIFT_VERSION = 5.0;
				TARGETED_DEVICE_FAMILY = "1,2";
			};
			name = Release;
		};
/* End XCBuildConfiguration section */

/* Begin XCConfigurationList section */
		84E5E7342886A1FC00CFCEFF /* Build configuration list for PBXProject "TableBased" */ = {
			isa = XCConfigurationList;
			buildConfigurations = (
				84E5E74B2886A20000CFCEFF /* Debug */,
				84E5E74C2886A20000CFCEFF /* Release */,
			);
			defaultConfigurationIsVisible = 0;
			defaultConfigurationName = Release;
		};
		84E5E74D2886A20000CFCEFF /* Build configuration list for PBXNativeTarget "TableBased" */ = {
			isa = XCConfigurationList;
			buildConfigurations = (
				84E5E74E2886A20000CFCEFF /* Debug */,
				84E5E74F2886A20000CFCEFF /* Release */,
			);
			defaultConfigurationIsVisible = 0;
			defaultConfigurationName = Release;
		};
/* End XCConfigurationList section */
	};
	rootObject = 84E5E7312886A1FC00CFCEFF /* Project object */;
}
